
Microsoft Visual Studio Solution File, Format Version 12.00
# Visual Studio Version 17
VisualStudioVersion = 17.10.34928.147
MinimumVisualStudioVersion = 10.0.40219.1
Project("{FAE04EC0-301F-11D3-BF4B-00C04F79EFBC}") = "ViaCep-Api", "ViaCep-Api\ViaCep-Api.csproj", "{809F92CB-ABF6-498E-8073-A0FAD216874E}"
EndProject
Global
	GlobalSection(SolutionConfigurationPlatforms) = preSolution
		Debug|Any CPU = Debug|Any CPU
		Release|Any CPU = Release|Any CPU
	EndGlobalSection
	GlobalSection(ProjectConfigurationPlatforms) = postSolution
		{809F92CB-ABF6-498E-8073-A0FAD216874E}.Debug|Any CPU.ActiveCfg = Debug|Any CPU
		{809F92CB-ABF6-498E-8073-A0FAD216874E}.Debug|Any CPU.Build.0 = Debug|Any CPU
		{809F92CB-ABF6-498E-8073-A0FAD216874E}.Release|Any CPU.ActiveCfg = Release|Any CPU
		{809F92CB-ABF6-498E-8073-A0FAD216874E}.Release|Any CPU.Build.0 = Release|Any CPU
	EndGlobalSection
	GlobalSection(SolutionProperties) = preSolution
		HideSolutionNode = FALSE
	EndGlobalSection
	GlobalSection(ExtensibilityGlobals) = postSolution
		SolutionGuid = {7A24EF49-E08D-4BBE-AA1A-D30F1BC601AC}
	EndGlobalSection
EndGlobal
